Microsoft Visual Studio Solution File, Format Version 12.00
# Visual Studio Version 17
VisualStudioVersion = 17.0.31903.59
MinimumVisualStudioVersion = 10.0.40219.1
Project("{FAE04EC0-301F-11D3-BF4B-00C04F79EFBC}") = "ErpDoctor.Core", "src\ErpDoctor.Core\ErpDoctor.Core.csproj", "{1C1B047E-842F-4A35-B183-1DF1570D36B9}"
EndProject
Project("{FAE04EC0-301F-11D3-BF4B-00C04F79EFBC}") = "ErpDoctor.Infrastructure", "src\ErpDoctor.Infrastructure\ErpDoctor.Infrastructure.csproj", "{DC02C3B7-6B1C-4FE0-892B-7F0312789D93}"
EndProject
Project("{FAE04EC0-301F-11D3-BF4B-00C04F79EFBC}") = "ErpDoctor.Reporting", "src\ErpDoctor.Reporting\ErpDoctor.Reporting.csproj", "{79316A8D-E8C2-4F0E-9B2C-27E84CBE76A1}"
EndProject
Project("{FAE04EC0-301F-11D3-BF4B-00C04F79EFBC}") = "ErpDoctor.PluginSdk", "src\ErpDoctor.PluginSdk\ErpDoctor.PluginSdk.csproj", "{6D79A560-8B42-42C8-91F2-2D4B8E6AC101}"
EndProject
Project("{FAE04EC0-301F-11D3-BF4B-00C04F79EFBC}") = "ErpDoctor.PluginHost", "src\ErpDoctor.PluginHost\ErpDoctor.PluginHost.csproj", "{A3D3F0E7-55C6-4F18-9C64-8D76A9B88402}"
EndProject
Project("{FAE04EC0-301F-11D3-BF4B-00C04F79EFBC}") = "ErpDoctor.Cli", "src\ErpDoctor.Cli\ErpDoctor.Cli.csproj", "{FC0A8749-E3D2-48F5-B81A-7304A06B47F9}"
EndProject
Project("{FAE04EC0-301F-11D3-BF4B-00C04F79EFBC}") = "ErpDoctor.SamplePlugin", "samples\ErpDoctor.SamplePlugin\ErpDoctor.SamplePlugin.csproj", "{B9F54BE8-492A-45B0-8E57-CF49F2630A03}"
EndProject
Project("{FAE04EC0-301F-11D3-BF4B-00C04F79EFBC}") = "ErpDoctor.Plugin.Postgres", "plugins\ErpDoctor.Plugin.Postgres\ErpDoctor.Plugin.Postgres.csproj", "{E2F2DB9B-6B1B-4C9B-9E31-0A7EB5A4D904}"
EndProject
Project("{FAE04EC0-301F-11D3-BF4B-00C04F79EFBC}") = "ErpDoctor.Plugin.Docker", "plugins\ErpDoctor.Plugin.Docker\ErpDoctor.Plugin.Docker.csproj", "{D0C4E7B1-7DAE-4CF2-97E7-3C7F8347EA11}"
EndProject
Project("{FAE04EC0-301F-11D3-BF4B-00C04F79EFBC}") = "ErpDoctor.Tests", "tests\ErpDoctor.Tests\ErpDoctor.Tests.csproj", "{A5B76B8C-FEF2-4F68-9C58-3EC59B20C4A0}"
EndProject
Global
	GlobalSection(SolutionConfigurationPlatforms) = preSolution
		Debug|Any CPU = Debug|Any CPU
		Release|Any CPU = Release|Any CPU
	EndGlobalSection
	GlobalSection(ProjectConfigurationPlatforms) = postSolution
		{1C1B047E-842F-4A35-B183-1DF1570D36B9}.Debug|Any CPU.ActiveCfg = Debug|Any CPU
		{1C1B047E-842F-4A35-B183-1DF1570D36B9}.Debug|Any CPU.Build.0 = Debug|Any CPU
		{1C1B047E-842F-4A35-B183-1DF1570D36B9}.Release|Any CPU.ActiveCfg = Release|Any CPU
		{1C1B047E-842F-4A35-B183-1DF1570D36B9}.Release|Any CPU.Build.0 = Release|Any CPU
		{DC02C3B7-6B1C-4FE0-892B-7F0312789D93}.Debug|Any CPU.ActiveCfg = Debug|Any CPU
		{DC02C3B7-6B1C-4FE0-892B-7F0312789D93}.Debug|Any CPU.Build.0 = Debug|Any CPU
		{DC02C3B7-6B1C-4FE0-892B-7F0312789D93}.Release|Any CPU.ActiveCfg = Release|Any CPU
		{DC02C3B7-6B1C-4FE0-892B-7F0312789D93}.Release|Any CPU.Build.0 = Release|Any CPU
		{79316A8D-E8C2-4F0E-9B2C-27E84CBE76A1}.Debug|Any CPU.ActiveCfg = Debug|Any CPU
		{79316A8D-E8C2-4F0E-9B2C-27E84CBE76A1}.Debug|Any CPU.Build.0 = Debug|Any CPU
		{79316A8D-E8C2-4F0E-9B2C-27E84CBE76A1}.Release|Any CPU.ActiveCfg = Release|Any CPU
		{79316A8D-E8C2-4F0E-9B2C-27E84CBE76A1}.Release|Any CPU.Build.0 = Release|Any CPU
		{6D79A560-8B42-42C8-91F2-2D4B8E6AC101}.Debug|Any CPU.ActiveCfg = Debug|Any CPU
		{6D79A560-8B42-42C8-91F2-2D4B8E6AC101}.Debug|Any CPU.Build.0 = Debug|Any CPU
		{6D79A560-8B42-42C8-91F2-2D4B8E6AC101}.Release|Any CPU.ActiveCfg = Release|Any CPU
		{6D79A560-8B42-42C8-91F2-2D4B8E6AC101}.Release|Any CPU.Build.0 = Release|Any CPU
		{A3D3F0E7-55C6-4F18-9C64-8D76A9B88402}.Debug|Any CPU.ActiveCfg = Debug|Any CPU
		{A3D3F0E7-55C6-4F18-9C64-8D76A9B88402}.Debug|Any CPU.Build.0 = Debug|Any CPU
		{A3D3F0E7-55C6-4F18-9C64-8D76A9B88402}.Release|Any CPU.ActiveCfg = Release|Any CPU
		{A3D3F0E7-55C6-4F18-9C64-8D76A9B88402}.Release|Any CPU.Build.0 = Release|Any CPU
		{FC0A8749-E3D2-48F5-B81A-7304A06B47F9}.Debug|Any CPU.ActiveCfg = Debug|Any CPU
		{FC0A8749-E3D2-48F5-B81A-7304A06B47F9}.Debug|Any CPU.Build.0 = Debug|Any CPU
		{FC0A8749-E3D2-48F5-B81A-7304A06B47F9}.Release|Any CPU.ActiveCfg = Release|Any CPU
		{FC0A8749-E3D2-48F5-B81A-7304A06B47F9}.Release|Any CPU.Build.0 = Release|Any CPU
		{B9F54BE8-492A-45B0-8E57-CF49F2630A03}.Debug|Any CPU.ActiveCfg = Debug|Any CPU
		{B9F54BE8-492A-45B0-8E57-CF49F2630A03}.Debug|Any CPU.Build.0 = Debug|Any CPU
		{B9F54BE8-492A-45B0-8E57-CF49F2630A03}.Release|Any CPU.ActiveCfg = Release|Any CPU
		{B9F54BE8-492A-45B0-8E57-CF49F2630A03}.Release|Any CPU.Build.0 = Release|Any CPU
		{E2F2DB9B-6B1B-4C9B-9E31-0A7EB5A4D904}.Debug|Any CPU.ActiveCfg = Debug|Any CPU
		{E2F2DB9B-6B1B-4C9B-9E31-0A7EB5A4D904}.Debug|Any CPU.Build.0 = Debug|Any CPU
		{E2F2DB9B-6B1B-4C9B-9E31-0A7EB5A4D904}.Release|Any CPU.ActiveCfg = Release|Any CPU
		{E2F2DB9B-6B1B-4C9B-9E31-0A7EB5A4D904}.Release|Any CPU.Build.0 = Release|Any CPU
		{D0C4E7B1-7DAE-4CF2-97E7-3C7F8347EA11}.Debug|Any CPU.ActiveCfg = Debug|Any CPU
		{D0C4E7B1-7DAE-4CF2-97E7-3C7F8347EA11}.Debug|Any CPU.Build.0 = Debug|Any CPU
		{D0C4E7B1-7DAE-4CF2-97E7-3C7F8347EA11}.Release|Any CPU.ActiveCfg = Release|Any CPU
		{D0C4E7B1-7DAE-4CF2-97E7-3C7F8347EA11}.Release|Any CPU.Build.0 = Release|Any CPU
		{A5B76B8C-FEF2-4F68-9C58-3EC59B20C4A0}.Debug|Any CPU.ActiveCfg = Debug|Any CPU
		{A5B76B8C-FEF2-4F68-9C58-3EC59B20C4A0}.Debug|Any CPU.Build.0 = Debug|Any CPU
		{A5B76B8C-FEF2-4F68-9C58-3EC59B20C4A0}.Release|Any CPU.ActiveCfg = Release|Any CPU
		{A5B76B8C-FEF2-4F68-9C58-3EC59B20C4A0}.Release|Any CPU.Build.0 = Release|Any CPU
	EndGlobalSection
EndGlobal
